// !$*UTF8*$!
{
	archiveVersion = 1;
	classes = {
	};
	objectVersion = 55;
	objects = {

/* Begin PBXBuildFile section */
		AE8FBA67283358E700B85F65 /* resultScreen.swift in Sources */ = {isa = PBXBuildFile; fileRef = AE8FBA66283358E700B85F65 /* resultScreen.swift */; };
		AEB270FA282CAB89006DA3BA /* homework8App.swift in Sources */ = {isa = PBXBuildFile; fileRef = AEB270F9282CAB89006DA3BA /* homework8App.swift */; };
		AEB270FC282CAB89006DA3BA /* ContentView.swift in Sources */ = {isa = PBXBuildFile; fileRef = AEB270FB282CAB89006DA3BA /* ContentView.swift */; };
		AEB270FE282CAB8F006DA3BA /* Assets.xcassets in Resources */ = {isa = PBXBuildFile; fileRef = AEB270FD282CAB8F006DA3BA /* Assets.xcassets */; };
		AEB27101282CAB8F006DA3BA /* Preview Assets.xcassets in Resources */ = {isa = PBXBuildFile; fileRef = AEB27100282CAB8F006DA3BA /* Preview Assets.xcassets */; };
		AEB2710C282CC3DE006DA3BA /* singleGame.swift in Sources */ = {isa = PBXBuildFile; fileRef = AEB2710B282CC3DE006DA3BA /* singleGame.swift */; };
		AEEA398E283167140017E8E3 /* multiGame.swift in Sources */ = {isa = PBXBuildFile; fileRef = AEEA398D283167140017E8E3 /* multiGame.swift */; };
/* End PBXBuildFile section */

/* Begin PBXFileReference section */
		AE8FBA66283358E700B85F65 /* resultScreen.swift */ = {isa = PBXFileReference; lastKnownFileType = sourcecode.swift; path = resultScreen.swift; sourceTree = "<group>"; };
		AEB270F6282CAB89006DA3BA /* homework8.app */ = {isa = PBXFileReference; explicitFileType = wrapper.application; includeInIndex = 0; path = homework8.app; sourceTree = BUILT_PRODUCTS_DIR; };
		AEB270F9282CAB89006DA3BA /* homework8App.swift */ = {isa = PBXFileReference; lastKnownFileType = sourcecode.swift; path = homework8App.swift; sourceTree = "<group>"; };
		AEB270FB282CAB89006DA3BA /* ContentView.swift */ = {isa = PBXFileReference; lastKnownFileType = sourcecode.swift; path = ContentView.swift; sourceTree = "<group>"; };
		AEB270FD282CAB8F006DA3BA /* Assets.xcassets */ = {isa = PBXFileReference; lastKnownFileType = folder.assetcatalog; path = Assets.xcassets; sourceTree = "<group>"; };
		AEB27100282CAB8F006DA3BA /* Preview Assets.xcassets */ = {isa = PBXFileReference; lastKnownFileType = folder.assetcatalog; path = "Preview Assets.xcassets"; sourceTree = "<group>"; };
		AEB2710B282CC3DE006DA3BA /* singleGame.swift */ = {isa = PBXFileReference; lastKnownFileType = sourcecode.swift; path = singleGame.swift; sourceTree = "<group>"; };
		AEEA398D283167140017E8E3 /* multiGame.swift */ = {isa = PBXFileReference; lastKnownFileType = sourcecode.swift; path = multiGame.swift; sourceTree = "<group>"; };
/* End PBXFileReference section */

/* Begin PBXFrameworksBuildPhase section */
		AEB270F3282CAB89006DA3BA /* Frameworks */ = {
			isa = PBXFrameworksBuildPhase;
			buildActionMask = 2147483647;
			files = (
			);
			runOnlyForDeploymentPostprocessing = 0;
		};
/* End PBXFrameworksBuildPhase section */

/* Begin PBXGroup section */
		AEB270ED282CAB89006DA3BA = {
			isa = PBXGroup;
			children = (
				AEB270F8282CAB89006DA3BA /* homework8 */,
				AEB270F7282CAB89006DA3BA /* Products */,
			);
			sourceTree = "<group>";
		};
		AEB270F7282CAB89006DA3BA /* Products */ = {
			isa = PBXGroup;
			children = (
				AEB270F6282CAB89006DA3BA /* homework8.app */,
			);
			name = Products;
			sourceTree = "<group>";
		};
		AEB270F8282CAB89006DA3BA /* homework8 */ = {
			isa = PBXGroup;
			children = (
				AEB270F9282CAB89006DA3BA /* homework8App.swift */,
				AEB270FB282CAB89006DA3BA /* ContentView.swift */,
				AEB2710B282CC3DE006DA3BA /* singleGame.swift */,
				AEEA398D283167140017E8E3 /* multiGame.swift */,
				AE8FBA66283358E700B85F65 /* resultScreen.swift */,
				AEB270FD282CAB8F006DA3BA /* Assets.xcassets */,
				AEB270FF282CAB8F006DA3BA /* Preview Content */,
			);
			path = homework8;
			sourceTree = "<group>";
		};
		AEB270FF282CAB8F006DA3BA /* Preview Content */ = {
			isa = PBXGroup;
			children = (
				AEB27100282CAB8F006DA3BA /* Preview Assets.xcassets */,
			);
			path = "Preview Content";
			sourceTree = "<group>";
		};
/* End PBXGroup section */

/* Begin PBXNativeTarget section */
		AEB270F5282CAB89006DA3BA /* homework8 */ = {
			isa = PBXNativeTarget;
			buildConfigurationList = AEB27104282CAB8F006DA3BA /* Build configuration list for PBXNativeTarget "homework8" */;
			buildPhases = (
				AEB270F2282CAB89006DA3BA /* Sources */,
				AEB270F3282CAB89006DA3BA /* Frameworks */,
				AEB270F4282CAB89006DA3BA /* Resources */,
			);
			buildRules = (
			);
			dependencies = (
			);
			name = homework8;
			productName = homework8;
			productReference = AEB270F6282CAB89006DA3BA /* homework8.app */;
			productType = "com.apple.product-type.application";
		};
/* End PBXNativeTarget section */

/* Begin PBXProject section */
		AEB270EE282CAB89006DA3BA /* Project object */ = {
			isa = PBXProject;
			attributes = {
				BuildIndependentTargetsInParallel = 1;
				LastSwiftUpdateCheck = 1330;
				LastUpgradeCheck = 1330;
				TargetAttributes = {
					AEB270F5282CAB89006DA3BA = {
						CreatedOnToolsVersion = 13.3;
					};
				};
			};
			buildConfigurationList = AEB270F1282CAB89006DA3BA /* Build configuration list for PBXProject "homework8" */;
			compatibilityVersion = "Xcode 13.0";
			developmentRegion = en;
			hasScannedForEncodings = 0;
			knownRegions = (
				en,
				Base,
			);
			mainGroup = AEB270ED282CAB89006DA3BA;
			productRefGroup = AEB270F7282CAB89006DA3BA /* Products */;
			projectDirPath = "";
			projectRoot = "";
			targets = (
				AEB270F5282CAB89006DA3BA /* homework8 */,
			);
		};
/* End PBXProject section */

/* Begin PBXResourcesBuildPhase section */
		AEB270F4282CAB89006DA3BA /* Resources */ = {
			isa = PBXResourcesBuildPhase;
			buildActionMask = 2147483647;
			files = (
				AEB27101282CAB8F006DA3BA /* Preview Assets.xcassets in Resources */,
				AEB270FE282CAB8F006DA3BA /* Assets.xcassets in Resources */,
			);
			runOnlyForDeploymentPostprocessing = 0;
		};
/* End PBXResourcesBuildPhase section */

/* Begin PBXSourcesBuildPhase section */
		AEB270F2282CAB89006DA3BA /* Sources */ = {
			isa = PBXSourcesBuildPhase;
			buildActionMask = 2147483647;
			files = (
				AEEA398E283167140017E8E3 /* multiGame.swift in Sources */,
				AE8FBA67283358E700B85F65 /* resultScreen.swift in Sources */,
				AEB270FC282CAB89006DA3BA /* ContentView.swift in Sources */,
				AEB270FA282CAB89006DA3BA /* homework8App.swift in Sources */,
				AEB2710C282CC3DE006DA3BA /* singleGame.swift in Sources */,
			);
			runOnlyForDeploymentPostprocessing = 0;
		};
/* End PBXSourcesBuildPhase section */

/* Begin XCBuildConfiguration section */
		AEB27102282CAB8F006DA3BA /* Debug */ = {
			isa = XCBuildConfiguration;
			buildSettings = {
				ALWAYS_SEARCH_USER_PATHS = NO;
				CLANG_ANALYZER_NONNULL = YES;
				CLANG_ANALYZER_NUMBER_OBJECT_CONVERSION = YES_AGGRESSIVE;
				CLANG_CXX_LANGUAGE_STANDARD = "gnu++17";
				CLANG_ENABLE_MODULES = YES;
				CLANG_ENABLE_OBJC_ARC = YES;
				CLANG_ENABLE_OBJC_WEAK = YES;
				CLANG_WARN_BLOCK_CAPTURE_AUTORELEASING = YES;
				CLANG_WARN_BOOL_CONVERSION = YES;
				CLANG_WARN_COMMA = YES;
				CLANG_WARN_CONSTANT_CONVERSION = YES;
				CLANG_WARN_DEPRECATED_OBJC_IMPLEMENTATIONS = YES;
				CLANG_WARN_DIRECT_OBJC_ISA_USAGE = YES_ERROR;
				CLANG_WARN_DOCUMENTATION_COMMENTS = YES;
				CLANG_WARN_EMPTY_BODY = YES;
				CLANG_WARN_ENUM_CONVERSION = YES;
				CLANG_WARN_INFINITE_RECURSION = YES;
				CLANG_WARN_INT_CONVERSION = YES;
				CLANG_WARN_NON_LITERAL_NULL_CONVERSION = YES;
				CLANG_WARN_OBJC_IMPLICIT_RETAIN_SELF = YES;
				CLANG_WARN_OBJC_LITERAL_CONVERSION = YES;
				CLANG_WARN_OBJC_ROOT_CLASS = YES_ERROR;
				CLANG_WARN_QUOTED_INCLUDE_IN_FRAMEWORK_HEADER = YES;
				CLANG_WARN_RANGE_LOOP_ANALYSIS = YES;
				CLANG_WARN_STRICT_PROTOTYPES = YES;
				CLANG_WARN_SUSPICIOUS_MOVE = YES;
				CLANG_WARN_UNGUARDED_AVAILABILITY = YES_AGGRESSIVE;
				CLANG_WARN_UNREACHABLE_CODE = YES;
				CLANG_WARN__DUPLICATE_METHOD_MATCH = YES;
				COPY_PHASE_STRIP = NO;
				DEBUG_INFORMATION_FORMAT = dwarf;
				ENABLE_STRICT_OBJC_MSGSEND = YES;
				ENABLE_TESTABILITY = YES;
				GCC_C_LANGUAGE_STANDARD = gnu11;
				GCC_DYNAMIC_NO_PIC = NO;
				GCC_NO_COMMON_BLOCKS = YES;
				GCC_OPTIMIZATION_LEVEL = 0;
				GCC_PREPROCESSOR_DEFINITIONS = (
					"DEBUG=1",
					"$(inherited)",
				);
				GCC_WARN_64_TO_32_BIT_CONVERSION = YES;
				GCC_WARN_ABOUT_RETURN_TYPE = YES_ERROR;
				GCC_WARN_UNDECLARED_SELECTOR = YES;
				GCC_WARN_UNINITIALIZED_AUTOS = YES_AGGRESSIVE;
				GCC_WARN_UNUSED_FUNCTION = YES;
				GCC_WARN_UNUSED_VARIABLE = YES;
				IPHONEOS_DEPLOYMENT_TARGET = 15.4;
				MTL_ENABLE_DEBUG_INFO = INCLUDE_SOURCE;
				MTL_FAST_MATH = YES;
				ONLY_ACTIVE_ARCH = YES;
				SDKROOT = iphoneos;
				SWIFT_ACTIVE_COMPILATION_CONDITIONS = DEBUG;
				SWIFT_OPTIMIZATION_LEVEL = "-Onone";
			};
			name = Debug;
		};
		AEB27103282CAB8F006DA3BA /* Release */ = {
			isa = XCBuildConfiguration;
			buildSettings = {
				ALWAYS_SEARCH_USER_PATHS = NO;
				CLANG_ANALYZER_NONNULL = YES;
				CLANG_ANALYZER_NUMBER_OBJECT_CONVERSION = YES_AGGRESSIVE;
				CLANG_CXX_LANGUAGE_STANDARD = "gnu++17";
				CLANG_ENABLE_MODULES = YES;
				CLANG_ENABLE_OBJC_ARC = YES;
				CLANG_ENABLE_OBJC_WEAK = YES;
				CLANG_WARN_BLOCK_CAPTURE_AUTORELEASING = YES;
				CLANG_WARN_BOOL_CONVERSION = YES;
				CLANG_WARN_COMMA = YES;
				CLANG_WARN_CONSTANT_CONVERSION = YES;
				CLANG_WARN_DEPRECATED_OBJC_IMPLEMENTATIONS = YES;
				CLANG_WARN_DIRECT_OBJC_ISA_USAGE = YES_ERROR;
				CLANG_WARN_DOCUMENTATION_COMMENTS = YES;
				CLANG_WARN_EMPTY_BODY = YES;
				CLANG_WARN_ENUM_CONVERSION = YES;
				CLANG_WARN_INFINITE_RECURSION = YES;
				CLANG_WARN_INT_CONVERSION = YES;
				CLANG_WARN_NON_LITERAL_NULL_CONVERSION = YES;
				CLANG_WARN_OBJC_IMPLICIT_RETAIN_SELF = YES;
				CLANG_WARN_OBJC_LITERAL_CONVERSION = YES;
				CLANG_WARN_OBJC_ROOT_CLASS = YES_ERROR;
				CLANG_WARN_QUOTED_INCLUDE_IN_FRAMEWORK_HEADER = YES;
				CLANG_WARN_RANGE_LOOP_ANALYSIS = YES;
				CLANG_WARN_STRICT_PROTOTYPES = YES;
				CLANG_WARN_SUSPICIOUS_MOVE = YES;
				CLANG_WARN_UNGUARDED_AVAILABILITY = YES_AGGRESSIVE;
				CLANG_WARN_UNREACHABLE_CODE = YES;
				CLANG_WARN__DUPLICATE_METHOD_MATCH = YES;
				COPY_PHASE_STRIP = NO;
				DEBUG_INFORMATION_FORMAT = "dwarf-with-dsym";
				ENABLE_NS_ASSERTIONS = NO;
				ENABLE_STRICT_OBJC_MSGSEND = YES;
				GCC_C_LANGUAGE_STANDARD = gnu11;
				GCC_NO_COMMON_BLOCKS = YES;
				GCC_WARN_64_TO_32_BIT_CONVERSION = YES;
				GCC_WARN_ABOUT_RETURN_TYPE = YES_ERROR;
				GCC_WARN_UNDECLARED_SELECTOR = YES;
				GCC_WARN_UNINITIALIZED_AUTOS = YES_AGGRESSIVE;
				GCC_WARN_UNUSED_FUNCTION = YES;
				GCC_WARN_UNUSED_VARIABLE = YES;
				IPHONEOS_DEPLOYMENT_TARGET = 15.4;
				MTL_ENABLE_DEBUG_INFO = NO;
				MTL_FAST_MATH = YES;
				SDKROOT = iphoneos;
				SWIFT_COMPILATION_MODE = wholemodule;
				SWIFT_OPTIMIZATION_LEVEL = "-O";
				VALIDATE_PRODUCT = YES;
			};
			name = Release;
		};
		AEB27105282CAB8F006DA3BA /* Debug */ = {
			isa = XCBuildConfiguration;
			buildSettings = {
				ASSETCATALOG_COMPILER_APPICON_NAME = AppIcon;
				ASSETCATALOG_COMPILER_GLOBAL_ACCENT_COLOR_NAME = AccentColor;
				CODE_SIGN_STYLE = Automatic;
				CURRENT_PROJECT_VERSION = 1;
				DEVELOPMENT_ASSET_PATHS = "\"homework8/Preview Content\"";
				DEVELOPMENT_TEAM = 2HNM4T4D6J;
				ENABLE_PREVIEWS = YES;
				GENERATE_INFOPLIST_FILE = YES;
				INFOPLIST_KEY_UIApplicationSceneManifest_Generation = YES;
				INFOPLIST_KEY_UIApplicationSupportsIndirectInputEvents = YES;
				INFOPLIST_KEY_UILaunchScreen_Generation = YES;
				INFOPLIST_KEY_UISupportedInterfaceOrientations_iPad = "UIInterfaceOrientationPortrait UIInterfaceOrientationPortraitUpsideDown UIInterfaceOrientationLandscapeLeft UIInterfaceOrientationLandscapeRight";
				INFOPLIST_KEY_UISupportedInterfaceOrientations_iPhone = "UIInterfaceOrientationPortrait UIInterfaceOrientationLandscapeLeft UIInterfaceOrientationLandscapeRight";
				LD_RUNPATH_SEARCH_PATHS = (
					"$(inherited)",
					"@executable_path/Frameworks",
				);
				MARKETING_VERSION = 1.0;
				PRODUCT_BUNDLE_IDENTIFIER = kamilov.homework8;
				PRODUCT_NAME = "$(TARGET_NAME)";
				SWIFT_EMIT_LOC_STRINGS = YES;
				SWIFT_VERSION = 5.0;
				TARGETED_DEVICE_FAMILY = "1,2";
			};
			name = Debug;
		};
		AEB27106282CAB8F006DA3BA /* Release */ = {
			isa = XCBuildConfiguration;
			buildSettings = {
				ASSETCATALOG_COMPILER_APPICON_NAME = AppIcon;
				ASSETCATALOG_COMPILER_GLOBAL_ACCENT_COLOR_NAME = AccentColor;
				CODE_SIGN_STYLE = Automatic;
				CURRENT_PROJECT_VERSION = 1;
				DEVELOPMENT_ASSET_PATHS = "\"homework8/Preview Content\"";
				DEVELOPMENT_TEAM = 2HNM4T4D6J;
				ENABLE_PREVIEWS = YES;
				GENERATE_INFOPLIST_FILE = YES;
				INFOPLIST_KEY_UIApplicationSceneManifest_Generation = YES;
				INFOPLIST_KEY_UIApplicationSupportsIndirectInputEvents = YES;
				INFOPLIST_KEY_UILaunchScreen_Generation = YES;
				INFOPLIST_KEY_UISupportedInterfaceOrientations_iPad = "UIInterfaceOrientationPortrait UIInterfaceOrientationPortraitUpsideDown UIInterfaceOrientationLandscapeLeft UIInterfaceOrientationLandscapeRight";
				INFOPLIST_KEY_UISupportedInterfaceOrientations_iPhone = "UIInterfaceOrientationPortrait UIInterfaceOrientationLandscapeLeft UIInterfaceOrientationLandscapeRight";
				LD_RUNPATH_SEARCH_PATHS = (
					"$(inherited)",
					"@executable_path/Frameworks",
				);
				MARKETING_VERSION = 1.0;
				PRODUCT_BUNDLE_IDENTIFIER = kamilov.homework8;
				PRODUCT_NAME = "$(TARGET_NAME)";
				SWIFT_EMIT_LOC_STRINGS = YES;
				SWIFT_VERSION = 5.0;
				TARGETED_DEVICE_FAMILY = "1,2";
			};
			name = Release;
		};
/* End XCBuildConfiguration section */

/* Begin XCConfigurationList section */
		AEB270F1282CAB89006DA3BA /* Build configuration list for PBXProject "homework8" */ = {
			isa = XCConfigurationList;
			buildConfigurations = (
				AEB27102282CAB8F006DA3BA /* Debug */,
				AEB27103282CAB8F006DA3BA /* Release */,
			);
			defaultConfigurationIsVisible = 0;
			defaultConfigurationName = Release;
		};
		AEB27104282CAB8F006DA3BA /* Build configuration list for PBXNativeTarget "homework8" */ = {
			isa = XCConfigurationList;
			buildConfigurations = (
				AEB27105282CAB8F006DA3BA /* Debug */,
				AEB27106282CAB8F006DA3BA /* Release */,
			);
			defaultConfigurationIsVisible = 0;
			defaultConfigurationName = Release;
		};
/* End XCConfigurationList section */
	};
	rootObject = AEB270EE282CAB89006DA3BA /* Project object */;
}
